
Microsoft Visual Studio Solution File, Format Version 12.00
# Visual Studio Version 17
VisualStudioVersion = 17.7.34003.232
MinimumVisualStudioVersion = 10.0.40219.1
Project("{9A19103F-16F7-4668-BE54-9A1E7A4F7556}") = "PVAConverter", "PVAConverter.csproj", "{579CD17A-FDDE-4C03-97C8-54B8B3066648}"
EndProject
Project("{FAE04EC0-301F-11D3-BF4B-00C04F79EFBC}") = "PCSConverter", "..\PCSConverter\PCSConverter.csproj", "{2F61D7DF-3CA4-444D-8BB8-073352A4C6B5}"
EndProject
Global
	GlobalSection(SolutionConfigurationPlatforms) = preSolution
		Debug|Any CPU = Debug|Any CPU
		Release|Any CPU = Release|Any CPU
	EndGlobalSection
	GlobalSection(ProjectConfigurationPlatforms) = postSolution
		{579CD17A-FDDE-4C03-97C8-54B8B3066648}.Debug|Any CPU.ActiveCfg = Debug|Any CPU
		{579CD17A-FDDE-4C03-97C8-54B8B3066648}.Debug|Any CPU.Build.0 = Debug|Any CPU
		{579CD17A-FDDE-4C03-97C8-54B8B3066648}.Release|Any CPU.ActiveCfg = Release|Any CPU
		{579CD17A-FDDE-4C03-97C8-54B8B3066648}.Release|Any CPU.Build.0 = Release|Any CPU
		{2F61D7DF-3CA4-444D-8BB8-073352A4C6B5}.Debug|Any CPU.ActiveCfg = Debug|Any CPU
		{2F61D7DF-3CA4-444D-8BB8-073352A4C6B5}.Debug|Any CPU.Build.0 = Debug|Any CPU
		{2F61D7DF-3CA4-444D-8BB8-073352A4C6B5}.Release|Any CPU.ActiveCfg = Release|Any CPU
		{2F61D7DF-3CA4-444D-8BB8-073352A4C6B5}.Release|Any CPU.Build.0 = Release|Any CPU
	EndGlobalSection
	GlobalSection(SolutionProperties) = preSolution
		HideSolutionNode = FALSE
	EndGlobalSection
	GlobalSection(ExtensibilityGlobals) = postSolution
		SolutionGuid = {D94283AF-F0E3-488B-9987-428B22387703}
	EndGlobalSection
EndGlobal
